
Microsoft Visual Studio Solution File, Format Version 12.00
# Visual Studio Version 17
VisualStudioVersion = 17.5.002.0
MinimumVisualStudioVersion = 10.0.40219.1
Project("{9A19103F-16F7-4668-BE54-9A1E7A4F7556}") = "RoutingExample", "RoutingExample.csproj", "{31541DBC-17E8-467F-AACA-B6D2DD0CF740}"
EndProject
Global
	GlobalSection(SolutionConfigurationPlatforms) = preSolution
		Debug|Any CPU = Debug|Any CPU
		Release|Any CPU = Release|Any CPU
	EndGlobalSection
	GlobalSection(ProjectConfigurationPlatforms) = postSolution
		{31541DBC-17E8-467F-AACA-B6D2DD0CF740}.Debug|Any CPU.ActiveCfg = Debug|Any CPU
		{31541DBC-17E8-467F-AACA-B6D2DD0CF740}.Debug|Any CPU.Build.0 = Debug|Any CPU
		{31541DBC-17E8-467F-AACA-B6D2DD0CF740}.Release|Any CPU.ActiveCfg = Release|Any CPU
		{31541DBC-17E8-467F-AACA-B6D2DD0CF740}.Release|Any CPU.Build.0 = Release|Any CPU
	EndGlobalSection
	GlobalSection(SolutionProperties) = preSolution
		HideSolutionNode = FALSE
	EndGlobalSection
	GlobalSection(ExtensibilityGlobals) = postSolution
		SolutionGuid = {B8F13397-BF4C-4C4B-AA08-29458D81B025}
	EndGlobalSection
EndGlobal
